
Microsoft Visual Studio Solution File, Format Version 12.00
# Visual Studio 15
VisualStudioVersion = 15.0.28010.2046
MinimumVisualStudioVersion = 10.0.40219.1
Project("{FAE04EC0-301F-11D3-BF4B-00C04F79EFBC}") = "XF.Login.Android", "XF.Login\XF.Login.Android\XF.Login.Android.csproj", "{3F3D0551-8570-4749-AC92-757A98B8B5CB}"
EndProject
Project("{FAE04EC0-301F-11D3-BF4B-00C04F79EFBC}") = "XF.Login.iOS", "XF.Login\XF.Login.iOS\XF.Login.iOS.csproj", "{B74F1DC6-31DF-4763-9C2F-4DB58AC2095F}"
EndProject
Project("{FAE04EC0-301F-11D3-BF4B-00C04F79EFBC}") = "XF.Login", "XF.Login\XF.Login\XF.Login.csproj", "{854E722A-CABC-40CC-97BC-291447DCFCF3}"
EndProject
Global
	GlobalSection(SolutionConfigurationPlatforms) = preSolution
		Ad-Hoc|Any CPU = Ad-Hoc|Any CPU
		Ad-Hoc|iPhone = Ad-Hoc|iPhone
		Ad-Hoc|iPhoneSimulator = Ad-Hoc|iPhoneSimulator
		AppStore|Any CPU = AppStore|Any CPU
		AppStore|iPhone = AppStore|iPhone
		AppStore|iPhoneSimulator = AppStore|iPhoneSimulator
		Debug|Any CPU = Debug|Any CPU
		Debug|iPhone = Debug|iPhone
		Debug|iPhoneSimulator = Debug|iPhoneSimulator
		Release|Any CPU = Release|Any CPU
		Release|iPhone = Release|iPhone
		Release|iPhoneSimulator = Release|iPhoneSimulator
	EndGlobalSection
	GlobalSection(ProjectConfigurationPlatforms) = postSolution
		{3F3D0551-8570-4749-AC92-757A98B8B5CB}.Ad-Hoc|Any CPU.ActiveCfg = Release|Any CPU
		{3F3D0551-8570-4749-AC92-757A98B8B5CB}.Ad-Hoc|Any CPU.Build.0 = Release|Any CPU
		{3F3D0551-8570-4749-AC92-757A98B8B5CB}.Ad-Hoc|Any CPU.Deploy.0 = Release|Any CPU
		{3F3D0551-8570-4749-AC92-757A98B8B5CB}.Ad-Hoc|iPhone.ActiveCfg = Release|Any CPU
		{3F3D0551-8570-4749-AC92-757A98B8B5CB}.Ad-Hoc|iPhone.Build.0 = Release|Any CPU
		{3F3D0551-8570-4749-AC92-757A98B8B5CB}.Ad-Hoc|iPhone.Deploy.0 = Release|Any CPU
		{3F3D0551-8570-4749-AC92-757A98B8B5CB}.Ad-Hoc|iPhoneSimulator.ActiveCfg = Release|Any CPU
		{3F3D0551-8570-4749-AC92-757A98B8B5CB}.Ad-Hoc|iPhoneSimulator.Build.0 = Release|Any CPU
		{3F3D0551-8570-4749-AC92-757A98B8B5CB}.Ad-Hoc|iPhoneSimulator.Deploy.0 = Release|Any CPU
		{3F3D0551-8570-4749-AC92-757A98B8B5CB}.AppStore|Any CPU.ActiveCfg = Release|Any CPU
		{3F3D0551-8570-4749-AC92-757A98B8B5CB}.AppStore|Any CPU.Build.0 = Release|Any CPU
		{3F3D0551-8570-4749-AC92-757A98B8B5CB}.AppStore|Any CPU.Deploy.0 = Release|Any CPU
		{3F3D0551-8570-4749-AC92-757A98B8B5CB}.AppStore|iPhone.ActiveCfg = Release|Any CPU
		{3F3D0551-8570-4749-AC92-757A98B8B5CB}.AppStore|iPhone.Build.0 = Release|Any CPU
		{3F3D0551-8570-4749-AC92-757A98B8B5CB}.AppStore|iPhone.Deploy.0 = Release|Any CPU
		{3F3D0551-8570-4749-AC92-757A98B8B5CB}.AppStore|iPhoneSimulator.ActiveCfg = Release|Any CPU
		{3F3D0551-8570-4749-AC92-757A98B8B5CB}.AppStore|iPhoneSimulator.Build.0 = Release|Any CPU
		{3F3D0551-8570-4749-AC92-757A98B8B5CB}.AppStore|iPhoneSimulator.Deploy.0 = Release|Any CPU
		{3F3D0551-8570-4749-AC92-757A98B8B5CB}.Debug|Any CPU.ActiveCfg = Debug|Any CPU
		{3F3D0551-8570-4749-AC92-757A98B8B5CB}.Debug|Any CPU.Build.0 = Debug|Any CPU
		{3F3D0551-8570-4749-AC92-757A98B8B5CB}.Debug|Any CPU.Deploy.0 = Debug|Any CPU
		{3F3D0551-8570-4749-AC92-757A98B8B5CB}.Debug|iPhone.ActiveCfg = Debug|Any CPU
		{3F3D0551-8570-4749-AC92-757A98B8B5CB}.Debug|iPhone.Build.0 = Debug|Any CPU
		{3F3D0551-8570-4749-AC92-757A98B8B5CB}.Debug|iPhone.Deploy.0 = Debug|Any CPU
		{3F3D0551-8570-4749-AC92-757A98B8B5CB}.Debug|iPhoneSimulator.ActiveCfg = Debug|Any CPU
		{3F3D0551-8570-4749-AC92-757A98B8B5CB}.Debug|iPhoneSimulator.Build.0 = Debug|Any CPU
		{3F3D0551-8570-4749-AC92-757A98B8B5CB}.Debug|iPhoneSimulator.Deploy.0 = Debug|Any CPU
		{3F3D0551-8570-4749-AC92-757A98B8B5CB}.Release|Any CPU.ActiveCfg = Release|Any CPU
		{3F3D0551-8570-4749-AC92-757A98B8B5CB}.Release|Any CPU.Build.0 = Release|Any CPU
		{3F3D0551-8570-4749-AC92-757A98B8B5CB}.Release|Any CPU.Deploy.0 = Release|Any CPU
		{3F3D0551-8570-4749-AC92-757A98B8B5CB}.Release|iPhone.ActiveCfg = Release|Any CPU
		{3F3D0551-8570-4749-AC92-757A98B8B5CB}.Release|iPhone.Build.0 = Release|Any CPU
		{3F3D0551-8570-4749-AC92-757A98B8B5CB}.Release|iPhone.Deploy.0 = Release|Any CPU
		{3F3D0551-8570-4749-AC92-757A98B8B5CB}.Release|iPhoneSimulator.ActiveCfg = Release|Any CPU
		{3F3D0551-8570-4749-AC92-757A98B8B5CB}.Release|iPhoneSimulator.Build.0 = Release|Any CPU
		{3F3D0551-8570-4749-AC92-757A98B8B5CB}.Release|iPhoneSimulator.Deploy.0 = Release|Any CPU
		{B74F1DC6-31DF-4763-9C2F-4DB58AC2095F}.Ad-Hoc|Any CPU.ActiveCfg = Ad-Hoc|iPhone
		{B74F1DC6-31DF-4763-9C2F-4DB58AC2095F}.Ad-Hoc|Any CPU.Build.0 = Ad-Hoc|iPhone
		{B74F1DC6-31DF-4763-9C2F-4DB58AC2095F}.Ad-Hoc|Any CPU.Deploy.0 = Ad-Hoc|iPhone
		{B74F1DC6-31DF-4763-9C2F-4DB58AC2095F}.Ad-Hoc|iPhone.ActiveCfg = Ad-Hoc|iPhone
		{B74F1DC6-31DF-4763-9C2F-4DB58AC2095F}.Ad-Hoc|iPhone.Build.0 = Ad-Hoc|iPhone
		{B74F1DC6-31DF-4763-9C2F-4DB58AC2095F}.Ad-Hoc|iPhone.Deploy.0 = Ad-Hoc|iPhone
		{B74F1DC6-31DF-4763-9C2F-4DB58AC2095F}.Ad-Hoc|iPhoneSimulator.ActiveCfg = Ad-Hoc|iPhoneSimulator
		{B74F1DC6-31DF-4763-9C2F-4DB58AC2095F}.Ad-Hoc|iPhoneSimulator.Build.0 = Ad-Hoc|iPhoneSimulator
		{B74F1DC6-31DF-4763-9C2F-4DB58AC2095F}.Ad-Hoc|iPhoneSimulator.Deploy.0 = Ad-Hoc|iPhoneSimulator
		{B74F1DC6-31DF-4763-9C2F-4DB58AC2095F}.AppStore|Any CPU.ActiveCfg = AppStore|iPhone
		{B74F1DC6-31DF-4763-9C2F-4DB58AC2095F}.AppStore|Any CPU.Build.0 = AppStore|iPhone
		{B74F1DC6-31DF-4763-9C2F-4DB58AC2095F}.AppStore|Any CPU.Deploy.0 = AppStore|iPhone
		{B74F1DC6-31DF-4763-9C2F-4DB58AC2095F}.AppStore|iPhone.ActiveCfg = AppStore|iPhone
		{B74F1DC6-31DF-4763-9C2F-4DB58AC2095F}.AppStore|iPhone.Build.0 = AppStore|iPhone
		{B74F1DC6-31DF-4763-9C2F-4DB58AC2095F}.AppStore|iPhone.Deploy.0 = AppStore|iPhone
		{B74F1DC6-31DF-4763-9C2F-4DB58AC2095F}.AppStore|iPhoneSimulator.ActiveCfg = AppStore|iPhoneSimulator
		{B74F1DC6-31DF-4763-9C2F-4DB58AC2095F}.AppStore|iPhoneSimulator.Build.0 = AppStore|iPhoneSimulator
		{B74F1DC6-31DF-4763-9C2F-4DB58AC2095F}.AppStore|iPhoneSimulator.Deploy.0 = AppStore|iPhoneSimulator
		{B74F1DC6-31DF-4763-9C2F-4DB58AC2095F}.Debug|Any CPU.ActiveCfg = Debug|iPhoneSimulator
		{B74F1DC6-31DF-4763-9C2F-4DB58AC2095F}.Debug|Any CPU.Build.0 = Debug|iPhoneSimulator
		{B74F1DC6-31DF-4763-9C2F-4DB58AC2095F}.Debug|Any CPU.Deploy.0 = Debug|iPhoneSimulator
		{B74F1DC6-31DF-4763-9C2F-4DB58AC2095F}.Debug|iPhone.ActiveCfg = Debug|iPhone
		{B74F1DC6-31DF-4763-9C2F-4DB58AC2095F}.Debug|iPhone.Build.0 = Debug|iPhone
		{B74F1DC6-31DF-4763-9C2F-4DB58AC2095F}.Debug|iPhone.Deploy.0 = Debug|iPhone
		{B74F1DC6-31DF-4763-9C2F-4DB58AC2095F}.Debug|iPhoneSimulator.ActiveCfg = Debug|iPhoneSimulator
		{B74F1DC6-31DF-4763-9C2F-4DB58AC2095F}.Debug|iPhoneSimulator.Build.0 = Debug|iPhoneSimulator
		{B74F1DC6-31DF-4763-9C2F-4DB58AC2095F}.Debug|iPhoneSimulator.Deploy.0 = Debug|iPhoneSimulator
		{B74F1DC6-31DF-4763-9C2F-4DB58AC2095F}.Release|Any CPU.ActiveCfg = Release|iPhone
		{B74F1DC6-31DF-4763-9C2F-4DB58AC2095F}.Release|Any CPU.Build.0 = Release|iPhone
		{B74F1DC6-31DF-4763-9C2F-4DB58AC2095F}.Release|Any CPU.Deploy.0 = Release|iPhone
		{B74F1DC6-31DF-4763-9C2F-4DB58AC2095F}.Release|iPhone.ActiveCfg = Release|iPhone
		{B74F1DC6-31DF-4763-9C2F-4DB58AC2095F}.Release|iPhone.Build.0 = Release|iPhone
		{B74F1DC6-31DF-4763-9C2F-4DB58AC2095F}.Release|iPhone.Deploy.0 = Release|iPhone
		{B74F1DC6-31DF-4763-9C2F-4DB58AC2095F}.Release|iPhoneSimulator.ActiveCfg = Release|iPhoneSimulator
		{B74F1DC6-31DF-4763-9C2F-4DB58AC2095F}.Release|iPhoneSimulator.Build.0 = Release|iPhoneSimulator
		{B74F1DC6-31DF-4763-9C2F-4DB58AC2095F}.Release|iPhoneSimulator.Deploy.0 = Release|iPhoneSimulator
		{854E722A-CABC-40CC-97BC-291447DCFCF3}.Ad-Hoc|Any CPU.ActiveCfg = Debug|Any CPU
		{854E722A-CABC-40CC-97BC-291447DCFCF3}.Ad-Hoc|Any CPU.Build.0 = Debug|Any CPU
		{854E722A-CABC-40CC-97BC-291447DCFCF3}.Ad-Hoc|Any CPU.Deploy.0 = Debug|Any CPU
		{854E722A-CABC-40CC-97BC-291447DCFCF3}.Ad-Hoc|iPhone.ActiveCfg = Debug|Any CPU
		{854E722A-CABC-40CC-97BC-291447DCFCF3}.Ad-Hoc|iPhone.Build.0 = Debug|Any CPU
		{854E722A-CABC-40CC-97BC-291447DCFCF3}.Ad-Hoc|iPhone.Deploy.0 = Debug|Any CPU
		{854E722A-CABC-40CC-97BC-291447DCFCF3}.Ad-Hoc|iPhoneSimulator.ActiveCfg = Debug|Any CPU
		{854E722A-CABC-40CC-97BC-291447DCFCF3}.Ad-Hoc|iPhoneSimulator.Build.0 = Debug|Any CPU
		{854E722A-CABC-40CC-97BC-291447DCFCF3}.Ad-Hoc|iPhoneSimulator.Deploy.0 = Debug|Any CPU
		{854E722A-CABC-40CC-97BC-291447DCFCF3}.AppStore|Any CPU.ActiveCfg = Debug|Any CPU
		{854E722A-CABC-40CC-97BC-291447DCFCF3}.AppStore|Any CPU.Build.0 = Debug|Any CPU
		{854E722A-CABC-40CC-97BC-291447DCFCF3}.AppStore|Any CPU.Deploy.0 = Debug|Any CPU
		{854E722A-CABC-40CC-97BC-291447DCFCF3}.AppStore|iPhone.ActiveCfg = Debug|Any CPU
		{854E722A-CABC-40CC-97BC-291447DCFCF3}.AppStore|iPhone.Build.0 = Debug|Any CPU
		{854E722A-CABC-40CC-97BC-291447DCFCF3}.AppStore|iPhone.Deploy.0 = Debug|Any CPU
		{854E722A-CABC-40CC-97BC-291447DCFCF3}.AppStore|iPhoneSimulator.ActiveCfg = Debug|Any CPU
		{854E722A-CABC-40CC-97BC-291447DCFCF3}.AppStore|iPhoneSimulator.Build.0 = Debug|Any CPU
		{854E722A-CABC-40CC-97BC-291447DCFCF3}.AppStore|iPhoneSimulator.Deploy.0 = Debug|Any CPU
		{854E722A-CABC-40CC-97BC-291447DCFCF3}.Debug|Any CPU.ActiveCfg = Debug|Any CPU
		{854E722A-CABC-40CC-97BC-291447DCFCF3}.Debug|Any CPU.Build.0 = Debug|Any CPU
		{854E722A-CABC-40CC-97BC-291447DCFCF3}.Debug|Any CPU.Deploy.0 = Debug|Any CPU
		{854E722A-CABC-40CC-97BC-291447DCFCF3}.Debug|iPhone.ActiveCfg = Debug|Any CPU
		{854E722A-CABC-40CC-97BC-291447DCFCF3}.Debug|iPhone.Build.0 = Debug|Any CPU
		{854E722A-CABC-40CC-97BC-291447DCFCF3}.Debug|iPhone.Deploy.0 = Debug|Any CPU
		{854E722A-CABC-40CC-97BC-291447DCFCF3}.Debug|iPhoneSimulator.ActiveCfg = Debug|Any CPU
		{854E722A-CABC-40CC-97BC-291447DCFCF3}.Debug|iPhoneSimulator.Build.0 = Debug|Any CPU
		{854E722A-CABC-40CC-97BC-291447DCFCF3}.Debug|iPhoneSimulator.Deploy.0 = Debug|Any CPU
		{854E722A-CABC-40CC-97BC-291447DCFCF3}.Release|Any CPU.ActiveCfg = Release|Any CPU
		{854E722A-CABC-40CC-97BC-291447DCFCF3}.Release|Any CPU.Build.0 = Release|Any CPU
		{854E722A-CABC-40CC-97BC-291447DCFCF3}.Release|Any CPU.Deploy.0 = Release|Any CPU
		{854E722A-CABC-40CC-97BC-291447DCFCF3}.Release|iPhone.ActiveCfg = Release|Any CPU
		{854E722A-CABC-40CC-97BC-291447DCFCF3}.Release|iPhone.Build.0 = Release|Any CPU
		{854E722A-CABC-40CC-97BC-291447DCFCF3}.Release|iPhone.Deploy.0 = Release|Any CPU
		{854E722A-CABC-40CC-97BC-291447DCFCF3}.Release|iPhoneSimulator.ActiveCfg = Release|Any CPU
		{854E722A-CABC-40CC-97BC-291447DCFCF3}.Release|iPhoneSimulator.Build.0 = Release|Any CPU
		{854E722A-CABC-40CC-97BC-291447DCFCF3}.Release|iPhoneSimulator.Deploy.0 = Release|Any CPU
	EndGlobalSection
	GlobalSection(SolutionProperties) = preSolution
		HideSolutionNode = FALSE
	EndGlobalSection
	GlobalSection(ExtensibilityGlobals) = postSolution
		SolutionGuid = {2C4FA9CF-4195-45C2-9348-8679D09D61A8}
	EndGlobalSection
EndGlobal
